// !$*UTF8*$!
{
	archiveVersion = 1;
	classes = {
	};
	objectVersion = 56;
	objects = {

/* Begin PBXBuildFile section */
		1A0001 /* AppDelegate.swift in Sources */ = {isa = PBXBuildFile; fileRef = 1B0001 /* AppDelegate.swift */; };
		1A0002 /* SceneDelegate.swift in Sources */ = {isa = PBXBuildFile; fileRef = 1B0002 /* SceneDelegate.swift */; };
		1A0003 /* ViewController.swift in Sources */ = {isa = PBXBuildFile; fileRef = 1B0003 /* ViewController.swift */; };
/* End PBXBuildFile section */

/* Begin PBXFileReference section */
		1B0000 /* 5DayMC.app */ = {isa = PBXFileReference; explicitFileType = wrapper.application; includeInIndex = 0; path = "5DayMC.app"; sourceTree = BUILT_PRODUCTS_DIR; };
		1B0001 /* AppDelegate.swift */ = {isa = PBXFileReference; lastKnownFileType = sourcecode.swift; path = AppDelegate.swift; sourceTree = "<group>"; };
		1B0002 /* SceneDelegate.swift */ = {isa = PBXFileReference; lastKnownFileType = sourcecode.swift; path = SceneDelegate.swift; sourceTree = "<group>"; };
		1B0003 /* ViewController.swift */ = {isa = PBXFileReference; lastKnownFileType = sourcecode.swift; path = ViewController.swift; sourceTree = "<group>"; };
		1B0004 /* Info.plist */ = {isa = PBXFileReference; lastKnownFileType = text.plist.xml; path = Info.plist; sourceTree = "<group>"; };
/* End PBXFileReference section */

/* Begin PBXFrameworksBuildPhase section */
		1C0001 /* Frameworks */ = {
			isa = PBXFrameworksBuildPhase;
			buildActionMask = 2147483647;
			files = (
			);
			runOnlyForDeploymentPostprocessing = 0;
		};
/* End PBXFrameworksBuildPhase section */

/* Begin PBXGroup section */
		1D0001 = {
			isa = PBXGroup;
			children = (
				1D0002 /* 5DayMC */,
				1D0003 /* Products */,
			);
			sourceTree = "<group>";
		};
		1D0002 /* 5DayMC */ = {
			isa = PBXGroup;
			children = (
				1B0001 /* AppDelegate.swift */,
				1B0002 /* SceneDelegate.swift */,
				1B0003 /* ViewController.swift */,
				1B0004 /* Info.plist */,
			);
			path = "";
			sourceTree = "<group>";
		};
		1D0003 /* Products */ = {
			isa = PBXGroup;
			children = (
				1B0000 /* 5DayMC.app */,
			);
			name = Products;
			sourceTree = "<group>";
		};
/* End PBXGroup section */

/* Begin PBXNativeTarget section */
		1E0001 /* 5DayMC */ = {
			isa = PBXNativeTarget;
			buildConfigurationList = 1F0001 /* Build configuration list for PBXNativeTarget "5DayMC" */;
			buildPhases = (
				1C0002 /* Sources */,
				1C0001 /* Frameworks */,
			);
			buildRules = (
			);
			dependencies = (
			);
			name = "5DayMC";
			productName = "5DayMC";
			productReference = 1B0000 /* 5DayMC.app */;
			productType = "com.apple.product-type.application";
		};
/* End PBXNativeTarget section */

/* Begin PBXProject section */
		100001 /* Project object */ = {
			isa = PBXProject;
			attributes = {
				BuildIndependentTargetsInParallel = 1;
				LastSwiftUpdateCheck = 1500;
				LastUpgradeCheck = 1500;
			};
			buildConfigurationList = 1F0002 /* Build configuration list for PBXProject "5DayMC" */;
			compatibilityVersion = "Xcode 14.0";
			developmentRegion = "pt-BR";
			hasScannedForEncodings = 0;
			knownRegions = (
				"pt-BR",
				Base,
			);
			mainGroup = 1D0001;
			productRefGroup = 1D0003 /* Products */;
			projectDirPath = "";
			projectRoot = "";
			targets = (
				1E0001 /* 5DayMC */,
			);
		};
/* End PBXProject section */

/* Begin PBXSourcesBuildPhase section */
		1C0002 /* Sources */ = {
			isa = PBXSourcesBuildPhase;
			buildActionMask = 2147483647;
			files = (
				1A0001 /* AppDelegate.swift in Sources */,
				1A0002 /* SceneDelegate.swift in Sources */,
				1A0003 /* ViewController.swift in Sources */,
			);
			runOnlyForDeploymentPostprocessing = 0;
		};
/* End PBXSourcesBuildPhase section */

/* Begin XCBuildConfiguration section */
		1F0003 /* Debug */ = {
			isa = XCBuildConfiguration;
			buildSettings = {
				ALWAYS_SEARCH_USER_PATHS = NO;
				CLANG_ANALYZER_NONNULL = YES;
				CODE_SIGN_IDENTITY = "-";
				CODE_SIGN_STYLE = Automatic;
				CURRENT_PROJECT_VERSION = 1;
				DEVELOPMENT_TEAM = "";
				GENERATE_INFOPLIST_FILE = NO;
				INFOPLIST_FILE = Info.plist;
				IPHONEOS_DEPLOYMENT_TARGET = 15.0;
				MARKETING_VERSION = 1.0;
				PRODUCT_BUNDLE_IDENTIFIER = com.willcraft.fivedaymc;
				PRODUCT_NAME = "$(TARGET_NAME)";
				SWIFT_VERSION = 5.0;
				TARGETED_DEVICE_FAMILY = "1,2";
			};
			name = Debug;
		};
		1F0004 /* Release */ = {
			isa = XCBuildConfiguration;
			buildSettings = {
				ALWAYS_SEARCH_USER_PATHS = NO;
				CLANG_ANALYZER_NONNULL = YES;
				CODE_SIGN_IDENTITY = "-";
				CODE_SIGNING_REQUIRED = NO;
				CODE_SIGN_STYLE = Automatic;
				CURRENT_PROJECT_VERSION = 1;
				DEVELOPMENT_TEAM = "";
				GENERATE_INFOPLIST_FILE = NO;
				INFOPLIST_FILE = Info.plist;
				IPHONEOS_DEPLOYMENT_TARGET = 15.0;
				MARKETING_VERSION = 1.0;
				PRODUCT_BUNDLE_IDENTIFIER = com.willcraft.fivedaymc;
				PRODUCT_NAME = "$(TARGET_NAME)";
				SWIFT_VERSION = 5.0;
				TARGETED_DEVICE_FAMILY = "1,2";
			};
			name = Release;
		};
		1F0005 /* Debug */ = {
			isa = XCBuildConfiguration;
			buildSettings = {
				ALWAYS_SEARCH_USER_PATHS = NO;
				SDKROOT = iphoneos;
			};
			name = Debug;
		};
		1F0006 /* Release */ = {
			isa = XCBuildConfiguration;
			buildSettings = {
				ALWAYS_SEARCH_USER_PATHS = NO;
				SDKROOT = iphoneos;
			};
			name = Release;
		};
/* End XCBuildConfiguration section */

/* Begin XCConfigurationList section */
		1F0001 /* Build configuration list for PBXNativeTarget "5DayMC" */ = {
			isa = XCConfigurationList;
			buildConfigurations = (
				1F0003 /* Debug */,
				1F0004 /* Release */,
			);
			defaultConfigurationIsVisible = 0;
			defaultConfigurationName = Release;
		};
		1F0002 /* Build configuration list for PBXProject "5DayMC" */ = {
			isa = XCConfigurationList;
			buildConfigurations = (
				1F0005 /* Debug */,
				1F0006 /* Release */,
			);
			defaultConfigurationIsVisible = 0;
			defaultConfigurationName = Release;
		};
/* End XCConfigurationList section */

	};
	rootObject = 100001 /* Project object */;
}
